// !$*UTF8*$!
{
	archiveVersion = 1;
	classes = {
	};
	objectVersion = 50;
	objects = {

/* Begin PBXBuildFile section */
		451403CB26BD6A930084E54C /* HistericalApp.swift in Sources */ = {isa = PBXBuildFile; fileRef = 451403CA26BD6A930084E54C /* HistericalApp.swift */; };
		451403CD26BD6A930084E54C /* ContentView.swift in Sources */ = {isa = PBXBuildFile; fileRef = 451403CC26BD6A930084E54C /* ContentView.swift */; };
		451403CF26BD6A940084E54C /* Assets.xcassets in Resources */ = {isa = PBXBuildFile; fileRef = 451403CE26BD6A940084E54C /* Assets.xcassets */; };
		451403D226BD6A940084E54C /* Preview Assets.xcassets in Resources */ = {isa = PBXBuildFile; fileRef = 451403D126BD6A940084E54C /* Preview Assets.xcassets */; };
		451403DB26BD6B0E0084E54C /* HistoryModel.swift in Sources */ = {isa = PBXBuildFile; fileRef = 451403DA26BD6B0E0084E54C /* HistoryModel.swift */; };
		451403DE26BD6F8C0084E54C /* Data.swift in Sources */ = {isa = PBXBuildFile; fileRef = 451403DD26BD6F8C0084E54C /* Data.swift */; };
		451403E226BD825A0084E54C /* FSModel.swift in Sources */ = {isa = PBXBuildFile; fileRef = 451403E126BD825A0084E54C /* FSModel.swift */; };
		451403E726BD9A5A0084E54C /* FirstBootView.swift in Sources */ = {isa = PBXBuildFile; fileRef = 451403E626BD9A5A0084E54C /* FirstBootView.swift */; };
		451403EF26BD9B880084E54C /* FSCardButtonView.swift in Sources */ = {isa = PBXBuildFile; fileRef = 451403EE26BD9B880084E54C /* FSCardButtonView.swift */; };
		451403F526BDB3C50084E54C /* CardView.swift in Sources */ = {isa = PBXBuildFile; fileRef = 451403F426BDB3C50084E54C /* CardView.swift */; };
		451403F726BDC5B30084E54C /* Data4FS.swift in Sources */ = {isa = PBXBuildFile; fileRef = 451403F626BDC5B30084E54C /* Data4FS.swift */; };
		F5CAF14A26BEE33F007777D7 /* ListItemView.swift in Sources */ = {isa = PBXBuildFile; fileRef = F5CAF14926BEE33F007777D7 /* ListItemView.swift */; };
		F5CAF15026BEF055007777D7 /* LearnMoreView.swift in Sources */ = {isa = PBXBuildFile; fileRef = F5CAF14F26BEF055007777D7 /* LearnMoreView.swift */; };
		F5CAF15226BF03F1007777D7 /* DeveloperInfo.swift in Sources */ = {isa = PBXBuildFile; fileRef = F5CAF15126BF03F1007777D7 /* DeveloperInfo.swift */; };
		F5CAF15426BF0795007777D7 /* MoreInfoHeader.swift in Sources */ = {isa = PBXBuildFile; fileRef = F5CAF15326BF0795007777D7 /* MoreInfoHeader.swift */; };
/* End PBXBuildFile section */

/* Begin PBXFileReference section */
		451403C726BD6A930084E54C /* Histerical.app */ = {isa = PBXFileReference; explicitFileType = wrapper.application; includeInIndex = 0; path = Histerical.app; sourceTree = BUILT_PRODUCTS_DIR; };
		451403CA26BD6A930084E54C /* HistericalApp.swift */ = {isa = PBXFileReference; lastKnownFileType = sourcecode.swift; path = HistericalApp.swift; sourceTree = "<group>"; };
		451403CC26BD6A930084E54C /* ContentView.swift */ = {isa = PBXFileReference; lastKnownFileType = sourcecode.swift; path = ContentView.swift; sourceTree = "<group>"; };
		451403CE26BD6A940084E54C /* Assets.xcassets */ = {isa = PBXFileReference; lastKnownFileType = folder.assetcatalog; path = Assets.xcassets; sourceTree = "<group>"; };
		451403D126BD6A940084E54C /* Preview Assets.xcassets */ = {isa = PBXFileReference; lastKnownFileType = folder.assetcatalog; path = "Preview Assets.xcassets"; sourceTree = "<group>"; };
		451403D326BD6A940084E54C /* Info.plist */ = {isa = PBXFileReference; lastKnownFileType = text.plist.xml; path = Info.plist; sourceTree = "<group>"; };
		451403DA26BD6B0E0084E54C /* HistoryModel.swift */ = {isa = PBXFileReference; lastKnownFileType = sourcecode.swift; path = HistoryModel.swift; sourceTree = "<group>"; };
		451403DD26BD6F8C0084E54C /* Data.swift */ = {isa = PBXFileReference; lastKnownFileType = sourcecode.swift; path = Data.swift; sourceTree = "<group>"; };
		451403E126BD825A0084E54C /* FSModel.swift */ = {isa = PBXFileReference; lastKnownFileType = sourcecode.swift; path = FSModel.swift; sourceTree = "<group>"; };
		451403E626BD9A5A0084E54C /* FirstBootView.swift */ = {isa = PBXFileReference; lastKnownFileType = sourcecode.swift; path = FirstBootView.swift; sourceTree = "<group>"; };
		451403EE26BD9B880084E54C /* FSCardButtonView.swift */ = {isa = PBXFileReference; lastKnownFileType = sourcecode.swift; path = FSCardButtonView.swift; sourceTree = "<group>"; };
		451403F426BDB3C50084E54C /* CardView.swift */ = {isa = PBXFileReference; lastKnownFileType = sourcecode.swift; path = CardView.swift; sourceTree = "<group>"; };
		451403F626BDC5B30084E54C /* Data4FS.swift */ = {isa = PBXFileReference; lastKnownFileType = sourcecode.swift; path = Data4FS.swift; sourceTree = "<group>"; };
		F5CAF14926BEE33F007777D7 /* ListItemView.swift */ = {isa = PBXFileReference; lastKnownFileType = sourcecode.swift; path = ListItemView.swift; sourceTree = "<group>"; };
		F5CAF14F26BEF055007777D7 /* LearnMoreView.swift */ = {isa = PBXFileReference; lastKnownFileType = sourcecode.swift; path = LearnMoreView.swift; sourceTree = "<group>"; };
		F5CAF15126BF03F1007777D7 /* DeveloperInfo.swift */ = {isa = PBXFileReference; lastKnownFileType = sourcecode.swift; path = DeveloperInfo.swift; sourceTree = "<group>"; };
		F5CAF15326BF0795007777D7 /* MoreInfoHeader.swift */ = {isa = PBXFileReference; lastKnownFileType = sourcecode.swift; path = MoreInfoHeader.swift; sourceTree = "<group>"; };
/* End PBXFileReference section */

/* Begin PBXFrameworksBuildPhase section */
		451403C426BD6A930084E54C /* Frameworks */ = {
			isa = PBXFrameworksBuildPhase;
			buildActionMask = 2147483647;
			files = (
			);
			runOnlyForDeploymentPostprocessing = 0;
		};
/* End PBXFrameworksBuildPhase section */

/* Begin PBXGroup section */
		451403BE26BD6A930084E54C = {
			isa = PBXGroup;
			children = (
				451403C926BD6A930084E54C /* Histerical */,
				451403C826BD6A930084E54C /* Products */,
			);
			sourceTree = "<group>";
		};
		451403C826BD6A930084E54C /* Products */ = {
			isa = PBXGroup;
			children = (
				451403C726BD6A930084E54C /* Histerical.app */,
			);
			name = Products;
			sourceTree = "<group>";
		};
		451403C926BD6A930084E54C /* Histerical */ = {
			isa = PBXGroup;
			children = (
				451403D926BD6AF80084E54C /* Model */,
				451403DC26BD6F780084E54C /* Data */,
				451403E326BD99CD0084E54C /* Views */,
				451403CA26BD6A930084E54C /* HistericalApp.swift */,
				451403CC26BD6A930084E54C /* ContentView.swift */,
				451403E626BD9A5A0084E54C /* FirstBootView.swift */,
				451403CE26BD6A940084E54C /* Assets.xcassets */,
				451403D326BD6A940084E54C /* Info.plist */,
				451403D026BD6A940084E54C /* Preview Content */,
			);
			path = Histerical;
			sourceTree = "<group>";
		};
		451403D026BD6A940084E54C /* Preview Content */ = {
			isa = PBXGroup;
			children = (
				451403D126BD6A940084E54C /* Preview Assets.xcassets */,
			);
			path = "Preview Content";
			sourceTree = "<group>";
		};
		451403D926BD6AF80084E54C /* Model */ = {
			isa = PBXGroup;
			children = (
				451403DA26BD6B0E0084E54C /* HistoryModel.swift */,
				451403E126BD825A0084E54C /* FSModel.swift */,
			);
			path = Model;
			sourceTree = "<group>";
		};
		451403DC26BD6F780084E54C /* Data */ = {
			isa = PBXGroup;
			children = (
				451403DD26BD6F8C0084E54C /* Data.swift */,
				451403F626BDC5B30084E54C /* Data4FS.swift */,
			);
			path = Data;
			sourceTree = "<group>";
		};
		451403E326BD99CD0084E54C /* Views */ = {
			isa = PBXGroup;
			children = (
				451403EE26BD9B880084E54C /* FSCardButtonView.swift */,
				451403F426BDB3C50084E54C /* CardView.swift */,
				F5CAF14926BEE33F007777D7 /* ListItemView.swift */,
				F5CAF14F26BEF055007777D7 /* LearnMoreView.swift */,
				F5CAF15126BF03F1007777D7 /* DeveloperInfo.swift */,
				F5CAF15326BF0795007777D7 /* MoreInfoHeader.swift */,
			);
			path = Views;
			sourceTree = "<group>";
		};
/* End PBXGroup section */

/* Begin PBXNativeTarget section */
		451403C626BD6A930084E54C /* Histerical */ = {
			isa = PBXNativeTarget;
			buildConfigurationList = 451403D626BD6A940084E54C /* Build configuration list for PBXNativeTarget "Histerical" */;
			buildPhases = (
				451403C326BD6A930084E54C /* Sources */,
				451403C426BD6A930084E54C /* Frameworks */,
				451403C526BD6A930084E54C /* Resources */,
			);
			buildRules = (
			);
			dependencies = (
			);
			name = Histerical;
			productName = Histerical;
			productReference = 451403C726BD6A930084E54C /* Histerical.app */;
			productType = "com.apple.product-type.application";
		};
/* End PBXNativeTarget section */

/* Begin PBXProject section */
		451403BF26BD6A930084E54C /* Project object */ = {
			isa = PBXProject;
			attributes = {
				LastSwiftUpdateCheck = 1250;
				LastUpgradeCheck = 1250;
				TargetAttributes = {
					451403C626BD6A930084E54C = {
						CreatedOnToolsVersion = 12.5.1;
					};
				};
			};
			buildConfigurationList = 451403C226BD6A930084E54C /* Build configuration list for PBXProject "Histerical" */;
			compatibilityVersion = "Xcode 9.3";
			developmentRegion = en;
			hasScannedForEncodings = 0;
			knownRegions = (
				en,
				Base,
			);
			mainGroup = 451403BE26BD6A930084E54C;
			productRefGroup = 451403C826BD6A930084E54C /* Products */;
			projectDirPath = "";
			projectRoot = "";
			targets = (
				451403C626BD6A930084E54C /* Histerical */,
			);
		};
/* End PBXProject section */

/* Begin PBXResourcesBuildPhase section */
		451403C526BD6A930084E54C /* Resources */ = {
			isa = PBXResourcesBuildPhase;
			buildActionMask = 2147483647;
			files = (
				451403D226BD6A940084E54C /* Preview Assets.xcassets in Resources */,
				451403CF26BD6A940084E54C /* Assets.xcassets in Resources */,
			);
			runOnlyForDeploymentPostprocessing = 0;
		};
/* End PBXResourcesBuildPhase section */

/* Begin PBXSourcesBuildPhase section */
		451403C326BD6A930084E54C /* Sources */ = {
			isa = PBXSourcesBuildPhase;
			buildActionMask = 2147483647;
			files = (
				451403E726BD9A5A0084E54C /* FirstBootView.swift in Sources */,
				451403F526BDB3C50084E54C /* CardView.swift in Sources */,
				F5CAF15026BEF055007777D7 /* LearnMoreView.swift in Sources */,
				451403EF26BD9B880084E54C /* FSCardButtonView.swift in Sources */,
				F5CAF15226BF03F1007777D7 /* DeveloperInfo.swift in Sources */,
				451403CD26BD6A930084E54C /* ContentView.swift in Sources */,
				F5CAF15426BF0795007777D7 /* MoreInfoHeader.swift in Sources */,
				451403CB26BD6A930084E54C /* HistericalApp.swift in Sources */,
				F5CAF14A26BEE33F007777D7 /* ListItemView.swift in Sources */,
				451403DB26BD6B0E0084E54C /* HistoryModel.swift in Sources */,
				451403F726BDC5B30084E54C /* Data4FS.swift in Sources */,
				451403E226BD825A0084E54C /* FSModel.swift in Sources */,
				451403DE26BD6F8C0084E54C /* Data.swift in Sources */,
			);
			runOnlyForDeploymentPostprocessing = 0;
		};
/* End PBXSourcesBuildPhase section */

/* Begin XCBuildConfiguration section */
		451403D426BD6A940084E54C /* Debug */ = {
			isa = XCBuildConfiguration;
			buildSettings = {
				ALWAYS_SEARCH_USER_PATHS = NO;
				CLANG_ANALYZER_NONNULL = YES;
				CLANG_ANALYZER_NUMBER_OBJECT_CONVERSION = YES_AGGRESSIVE;
				CLANG_CXX_LANGUAGE_STANDARD = "gnu++14";
				CLANG_CXX_LIBRARY = "libc++";
				CLANG_ENABLE_MODULES = YES;
				CLANG_ENABLE_OBJC_ARC = YES;
				CLANG_ENABLE_OBJC_WEAK = YES;
				CLANG_WARN_BLOCK_CAPTURE_AUTORELEASING = YES;
				CLANG_WARN_BOOL_CONVERSION = YES;
				CLANG_WARN_COMMA = YES;
				CLANG_WARN_CONSTANT_CONVERSION = YES;
				CLANG_WARN_DEPRECATED_OBJC_IMPLEMENTATIONS = YES;
				CLANG_WARN_DIRECT_OBJC_ISA_USAGE = YES_ERROR;
				CLANG_WARN_DOCUMENTATION_COMMENTS = YES;
				CLANG_WARN_EMPTY_BODY = YES;
				CLANG_WARN_ENUM_CONVERSION = YES;
				CLANG_WARN_INFINITE_RECURSION = YES;
				CLANG_WARN_INT_CONVERSION = YES;
				CLANG_WARN_NON_LITERAL_NULL_CONVERSION = YES;
				CLANG_WARN_OBJC_IMPLICIT_RETAIN_SELF = YES;
				CLANG_WARN_OBJC_LITERAL_CONVERSION = YES;
				CLANG_WARN_OBJC_ROOT_CLASS = YES_ERROR;
				CLANG_WARN_QUOTED_INCLUDE_IN_FRAMEWORK_HEADER = YES;
				CLANG_WARN_RANGE_LOOP_ANALYSIS = YES;
				CLANG_WARN_STRICT_PROTOTYPES = YES;
				CLANG_WARN_SUSPICIOUS_MOVE = YES;
				CLANG_WARN_UNGUARDED_AVAILABILITY = YES_AGGRESSIVE;
				CLANG_WARN_UNREACHABLE_CODE = YES;
				CLANG_WARN__DUPLICATE_METHOD_MATCH = YES;
				COPY_PHASE_STRIP = NO;
				DEBUG_INFORMATION_FORMAT = dwarf;
				ENABLE_STRICT_OBJC_MSGSEND = YES;
				ENABLE_TESTABILITY = YES;
				GCC_C_LANGUAGE_STANDARD = gnu11;
				GCC_DYNAMIC_NO_PIC = NO;
				GCC_NO_COMMON_BLOCKS = YES;
				GCC_OPTIMIZATION_LEVEL = 0;
				GCC_PREPROCESSOR_DEFINITIONS = (
					"DEBUG=1",
					"$(inherited)",
				);
				GCC_WARN_64_TO_32_BIT_CONVERSION = YES;
				GCC_WARN_ABOUT_RETURN_TYPE = YES_ERROR;
				GCC_WARN_UNDECLARED_SELECTOR = YES;
				GCC_WARN_UNINITIALIZED_AUTOS = YES_AGGRESSIVE;
				GCC_WARN_UNUSED_FUNCTION = YES;
				GCC_WARN_UNUSED_VARIABLE = YES;
				IPHONEOS_DEPLOYMENT_TARGET = 14.5;
				MTL_ENABLE_DEBUG_INFO = INCLUDE_SOURCE;
				MTL_FAST_MATH = YES;
				ONLY_ACTIVE_ARCH = YES;
				SDKROOT = iphoneos;
				SWIFT_ACTIVE_COMPILATION_CONDITIONS = DEBUG;
				SWIFT_OPTIMIZATION_LEVEL = "-Onone";
			};
			name = Debug;
		};
		451403D526BD6A940084E54C /* Release */ = {
			isa = XCBuildConfiguration;
			buildSettings = {
				ALWAYS_SEARCH_USER_PATHS = NO;
				CLANG_ANALYZER_NONNULL = YES;
				CLANG_ANALYZER_NUMBER_OBJECT_CONVERSION = YES_AGGRESSIVE;
				CLANG_CXX_LANGUAGE_STANDARD = "gnu++14";
				CLANG_CXX_LIBRARY = "libc++";
				CLANG_ENABLE_MODULES = YES;
				CLANG_ENABLE_OBJC_ARC = YES;
				CLANG_ENABLE_OBJC_WEAK = YES;
				CLANG_WARN_BLOCK_CAPTURE_AUTORELEASING = YES;
				CLANG_WARN_BOOL_CONVERSION = YES;
				CLANG_WARN_COMMA = YES;
				CLANG_WARN_CONSTANT_CONVERSION = YES;
				CLANG_WARN_DEPRECATED_OBJC_IMPLEMENTATIONS = YES;
				CLANG_WARN_DIRECT_OBJC_ISA_USAGE = YES_ERROR;
				CLANG_WARN_DOCUMENTATION_COMMENTS = YES;
				CLANG_WARN_EMPTY_BODY = YES;
				CLANG_WARN_ENUM_CONVERSION = YES;
				CLANG_WARN_INFINITE_RECURSION = YES;
				CLANG_WARN_INT_CONVERSION = YES;
				CLANG_WARN_NON_LITERAL_NULL_CONVERSION = YES;
				CLANG_WARN_OBJC_IMPLICIT_RETAIN_SELF = YES;
				CLANG_WARN_OBJC_LITERAL_CONVERSION = YES;
				CLANG_WARN_OBJC_ROOT_CLASS = YES_ERROR;
				CLANG_WARN_QUOTED_INCLUDE_IN_FRAMEWORK_HEADER = YES;
				CLANG_WARN_RANGE_LOOP_ANALYSIS = YES;
				CLANG_WARN_STRICT_PROTOTYPES = YES;
				CLANG_WARN_SUSPICIOUS_MOVE = YES;
				CLANG_WARN_UNGUARDED_AVAILABILITY = YES_AGGRESSIVE;
				CLANG_WARN_UNREACHABLE_CODE = YES;
				CLANG_WARN__DUPLICATE_METHOD_MATCH = YES;
				COPY_PHASE_STRIP = NO;
				DEBUG_INFORMATION_FORMAT = "dwarf-with-dsym";
				ENABLE_NS_ASSERTIONS = NO;
				ENABLE_STRICT_OBJC_MSGSEND = YES;
				GCC_C_LANGUAGE_STANDARD = gnu11;
				GCC_NO_COMMON_BLOCKS = YES;
				GCC_WARN_64_TO_32_BIT_CONVERSION = YES;
				GCC_WARN_ABOUT_RETURN_TYPE = YES_ERROR;
				GCC_WARN_UNDECLARED_SELECTOR = YES;
				GCC_WARN_UNINITIALIZED_AUTOS = YES_AGGRESSIVE;
				GCC_WARN_UNUSED_FUNCTION = YES;
				GCC_WARN_UNUSED_VARIABLE = YES;
				IPHONEOS_DEPLOYMENT_TARGET = 14.5;
				MTL_ENABLE_DEBUG_INFO = NO;
				MTL_FAST_MATH = YES;
				SDKROOT = iphoneos;
				SWIFT_COMPILATION_MODE = wholemodule;
				SWIFT_OPTIMIZATION_LEVEL = "-O";
				VALIDATE_PRODUCT = YES;
			};
			name = Release;
		};
		451403D726BD6A940084E54C /* Debug */ = {
			isa = XCBuildConfiguration;
			buildSettings = {
				ASSETCATALOG_COMPILER_APPICON_NAME = AppIcon;
				ASSETCATALOG_COMPILER_GLOBAL_ACCENT_COLOR_NAME = AccentColor;
				CODE_SIGN_ENTITLEMENTS = Histerical/Histerical.entitlements;
				CODE_SIGN_STYLE = Automatic;
				DEVELOPMENT_ASSET_PATHS = "\"Histerical/Preview Content\"";
				DEVELOPMENT_TEAM = 9HBS8D8DJM;
				ENABLE_PREVIEWS = YES;
				INFOPLIST_FILE = Histerical/Info.plist;
				IPHONEOS_DEPLOYMENT_TARGET = 14.0;
				LD_RUNPATH_SEARCH_PATHS = (
					"$(inherited)",
					"@executable_path/Frameworks",
				);
				PRODUCT_BUNDLE_IDENTIFIER = com.Gladosator.Histerical;
				PRODUCT_NAME = "$(TARGET_NAME)";
				SUPPORTS_MACCATALYST = NO;
				SUPPORTS_MAC_DESIGNED_FOR_IPHONE_IPAD = NO;
				SWIFT_VERSION = 5.0;
				TARGETED_DEVICE_FAMILY = 1;
			};
			name = Debug;
		};
		451403D826BD6A940084E54C /* Release */ = {
			isa = XCBuildConfiguration;
			buildSettings = {
				ASSETCATALOG_COMPILER_APPICON_NAME = AppIcon;
				ASSETCATALOG_COMPILER_GLOBAL_ACCENT_COLOR_NAME = AccentColor;
				CODE_SIGN_ENTITLEMENTS = Histerical/Histerical.entitlements;
				CODE_SIGN_STYLE = Automatic;
				DEVELOPMENT_ASSET_PATHS = "\"Histerical/Preview Content\"";
				DEVELOPMENT_TEAM = 9HBS8D8DJM;
				ENABLE_PREVIEWS = YES;
				INFOPLIST_FILE = Histerical/Info.plist;
				IPHONEOS_DEPLOYMENT_TARGET = 14.0;
				LD_RUNPATH_SEARCH_PATHS = (
					"$(inherited)",
					"@executable_path/Frameworks",
				);
				PRODUCT_BUNDLE_IDENTIFIER = com.Gladosator.Histerical;
				PRODUCT_NAME = "$(TARGET_NAME)";
				SUPPORTS_MACCATALYST = NO;
				SUPPORTS_MAC_DESIGNED_FOR_IPHONE_IPAD = NO;
				SWIFT_VERSION = 5.0;
				TARGETED_DEVICE_FAMILY = 1;
			};
			name = Release;
		};
/* End XCBuildConfiguration section */

/* Begin XCConfigurationList section */
		451403C226BD6A930084E54C /* Build configuration list for PBXProject "Histerical" */ = {
			isa = XCConfigurationList;
			buildConfigurations = (
				451403D426BD6A940084E54C /* Debug */,
				451403D526BD6A940084E54C /* Release */,
			);
			defaultConfigurationIsVisible = 0;
			defaultConfigurationName = Release;
		};
		451403D626BD6A940084E54C /* Build configuration list for PBXNativeTarget "Histerical" */ = {
			isa = XCConfigurationList;
			buildConfigurations = (
				451403D726BD6A940084E54C /* Debug */,
				451403D826BD6A940084E54C /* Release */,
			);
			defaultConfigurationIsVisible = 0;
			defaultConfigurationName = Release;
		};
/* End XCConfigurationList section */
	};
	rootObject = 451403BF26BD6A930084E54C /* Project object */;
}
